uuid: 30e3d331-6939-40e3-b0f0-5979b06550b4
langcode: en
status: true
dependencies:
  config:
    - views.view.gpis
  module:
    - block_in_page_not_found
    - system
    - views
  theme:
    - epa_intranet
id: views_block__gpis_gpi_rescinded_block
theme: epa_intranet
region: content
weight: 0
provider: null
plugin: 'views_block:gpis-gpi_rescinded_block'
settings:
  id: 'views_block:gpis-gpi_rescinded_block'
  label: ''
  label_display: '0'
  provider: views
  views_label: ''
  items_per_page: none
visibility:
  request_path:
    id: request_path
    negate: false
    pages: /agency-directives/gpis/rescinded
  page_not_found_request:
    id: page_not_found_request
    negate: false
    page_not_found: false
