uuid: a016ed2a-bfab-4e14-8ef5-c84df57b941c
langcode: en
status: true
dependencies:
  config:
    - views.view.policy
  module:
    - system
    - views
  theme:
    - epa_intranet
id: views_block__policy_active_policies_block
theme: epa_intranet
region: content
weight: -2
provider: null
plugin: 'views_block:policy-active_policies_block'
settings:
  id: 'views_block:policy-active_policies_block'
  label: ''
  label_display: '0'
  provider: views
  views_label: ''
  items_per_page: none
visibility:
  request_path:
    id: request_path
    negate: false
    pages: /agency-directives/policy
