uuid: d83e9195-0d10-49e9-8f6a-caaf64e5f19b
langcode: en
status: true
dependencies:
  config:
    - views.view.policy
  module:
    - system
    - views
  theme:
    - epa_intranet
id: views_block__policy_active_rmds_block
theme: epa_intranet
region: content
weight: 0
provider: null
plugin: 'views_block:policy-active_rmds_block'
settings:
  id: 'views_block:policy-active_rmds_block'
  label: ''
  label_display: '0'
  provider: views
  views_label: ''
  items_per_page: none
visibility:
  request_path:
    id: request_path
    negate: false
    pages: /agency-directives/rmds
