uuid: 9cc2abca-cf5c-4e9b-8906-b4c3d7870c7a
langcode: en
status: true
dependencies:
  config:
    - views.view.articles
  module:
    - system
    - views
  theme:
    - epa_intranet
id: views_block__articles_group_articles_block
theme: epa_intranet
region: content
weight: 0
provider: null
plugin: 'views_block:articles-group_articles_block'
settings:
  id: 'views_block:articles-group_articles_block'
  label: ''
  provider: views
  label_display: visible
  views_label: ''
  items_per_page: none
  context_mapping: {  }
visibility:
  request_path:
    id: request_path
    pages: /yet-another/cui-interdico
    negate: false
    context_mapping: {  }
