uuid: 89a2dea9-7185-4613-bf0b-dd215bfe84d7
langcode: en
status: true
dependencies:
  config:
    - views.view.policy_delegation
  module:
    - system
    - views
  theme:
    - epa_intranet
id: views_block__policy_delegation_active_delegations_block
theme: epa_intranet
region: content
weight: -3
provider: null
plugin: 'views_block:policy_delegation-active_delegations_block'
settings:
  id: 'views_block:policy_delegation-active_delegations_block'
  label: ''
  label_display: '0'
  provider: views
  views_label: ''
  items_per_page: none
visibility:
  request_path:
    id: request_path
    negate: false
    pages: /agency-directives/delegations
