uuid: b0550059-98e4-4fc5-93a7-190173a182fd
langcode: en
status: true
dependencies:
  config:
    - views.view.policy
  module:
    - system
    - views
  theme:
    - epa_intranet
id: views_block__policy_orders_block
theme: epa_intranet
region: content
weight: 0
provider: null
plugin: 'views_block:policy-orders_block'
settings:
  id: 'views_block:policy-orders_block'
  label: ''
  label_display: '0'
  provider: views
  views_label: ''
  items_per_page: none
visibility:
  request_path:
    id: request_path
    negate: false
    pages: /agency-directives/orders
