uuid: de8dd1cd-6837-474e-9b09-87e83739bdc4
langcode: en
status: true
dependencies:
  config:
    - views.view.transmitta
  module:
    - system
    - views
  theme:
    - epa_intranet
id: views_block__transmitta_transmittals_block
theme: epa_intranet
region: content
weight: 0
provider: null
plugin: 'views_block:transmitta-transmittals_block'
settings:
  id: 'views_block:transmitta-transmittals_block'
  label: ''
  provider: views
  label_display: '0'
  views_label: ''
  items_per_page: none
visibility:
  request_path:
    id: request_path
    pages: /agency-policy/transmittals
    negate: false
