uuid: 5f2d20bc-9f2b-4666-9df1-b5b4782f9017
langcode: en
status: true
dependencies:
  config:
    - core.entity_view_mode.media.media_block
    - field.field.media.image.field_caption
    - field.field.media.image.field_keywords
    - field.field.media.image.field_media_image
    - field.field.media.image.field_media_in_library
    - field.field.media.image.field_media_tags
    - field.field.media.image.image
    - image.style.media_block_image
    - media.type.image
  module:
    - image
    - layout_builder
third_party_settings:
  layout_builder:
    enabled: false
    allow_custom: false
_core:
  default_config_hash: VLDxfMVPTkd2xvOjFMCh3kWmaOYnd03zggFXuUXQVEY
id: media.image.media_block
targetEntityType: media
bundle: image
mode: media_block
content:
  image:
    type: image
    label: hidden
    settings:
      image_link: ''
      image_style: media_block_image
      image_loading:
        attribute: lazy
    third_party_settings: {  }
    weight: 0
    region: content
hidden:
  created: true
  field_caption: true
  field_keywords: true
  field_limit_file_accessibility: true
  field_media_image: true
  field_media_in_library: true
  field_media_tags: true
  layout_builder__translation: true
  name: true
  search_api_excerpt: true
  thumbnail: true
  uid: true
