uuid: 1a5c4302-5262-495a-99fa-48162be28b2f
langcode: en
status: true
dependencies:
  module:
    - lightning_core
    - media
third_party_settings:
  lightning_core:
    description: 'For use in media blocks - image displayed at 124x124'
id: media.media_block
label: 'Media Block'
targetEntityType: media
cache: true
